
Microsoft Visual Studio Solution File, Format Version 12.00
# Visual Studio 15
VisualStudioVersion = 15.0.28307.1022
MinimumVisualStudioVersion = 10.0.40219.1
Project("{FAE04EC0-301F-11D3-BF4B-00C04F79EFBC}") = "FactoryClient", "FactoryClient\FactoryClient.csproj", "{D811EC37-E2E3-499F-93FD-51D83F438B67}"
EndProject
Global
	GlobalSection(SolutionConfigurationPlatforms) = preSolution
		Debug|Any CPU = Debug|Any CPU
		Release|Any CPU = Release|Any CPU
	EndGlobalSection
	GlobalSection(ProjectConfigurationPlatforms) = postSolution
		{D811EC37-E2E3-499F-93FD-51D83F438B67}.Debug|Any CPU.ActiveCfg = Debug|Any CPU
		{D811EC37-E2E3-499F-93FD-51D83F438B67}.Debug|Any CPU.Build.0 = Debug|Any CPU
		{D811EC37-E2E3-499F-93FD-51D83F438B67}.Release|Any CPU.ActiveCfg = Release|Any CPU
		{D811EC37-E2E3-499F-93FD-51D83F438B67}.Release|Any CPU.Build.0 = Release|Any CPU
	EndGlobalSection
	GlobalSection(SolutionProperties) = preSolution
		HideSolutionNode = FALSE
	EndGlobalSection
	GlobalSection(ExtensibilityGlobals) = postSolution
		SolutionGuid = {EF42A987-867F-40F0-B24F-983691F81FA9}
	EndGlobalSection
EndGlobal
