
Microsoft Visual Studio Solution File, Format Version 12.00
# Visual Studio 15
VisualStudioVersion = 15.0.28307.1022
MinimumVisualStudioVersion = 10.0.40219.1
Project("{FAE04EC0-301F-11D3-BF4B-00C04F79EFBC}") = "FactoryClient", "FactoryClient\FactoryClient.csproj", "{B3732298-D5B2-4C20-A9D7-E766BE29E1D9}"
EndProject
Global
	GlobalSection(SolutionConfigurationPlatforms) = preSolution
		Debug|Any CPU = Debug|Any CPU
		Release|Any CPU = Release|Any CPU
	EndGlobalSection
	GlobalSection(ProjectConfigurationPlatforms) = postSolution
		{B3732298-D5B2-4C20-A9D7-E766BE29E1D9}.Debug|Any CPU.ActiveCfg = Debug|Any CPU
		{B3732298-D5B2-4C20-A9D7-E766BE29E1D9}.Debug|Any CPU.Build.0 = Debug|Any CPU
		{B3732298-D5B2-4C20-A9D7-E766BE29E1D9}.Release|Any CPU.ActiveCfg = Release|Any CPU
		{B3732298-D5B2-4C20-A9D7-E766BE29E1D9}.Release|Any CPU.Build.0 = Release|Any CPU
	EndGlobalSection
	GlobalSection(SolutionProperties) = preSolution
		HideSolutionNode = FALSE
	EndGlobalSection
	GlobalSection(ExtensibilityGlobals) = postSolution
		SolutionGuid = {F6AF5F73-05F8-4783-991C-14A436BF647A}
	EndGlobalSection
EndGlobal
