
Microsoft Visual Studio Solution File, Format Version 12.00
# Visual Studio 15
VisualStudioVersion = 15.0.28307.1022
MinimumVisualStudioVersion = 10.0.40219.1
Project("{FAE04EC0-301F-11D3-BF4B-00C04F79EFBC}") = "FactoryClient", "FactoryClient\FactoryClient.csproj", "{3934EB6D-B313-48B3-B83D-DA2B8A979ADB}"
EndProject
Global
	GlobalSection(SolutionConfigurationPlatforms) = preSolution
		Debug|Any CPU = Debug|Any CPU
		Release|Any CPU = Release|Any CPU
	EndGlobalSection
	GlobalSection(ProjectConfigurationPlatforms) = postSolution
		{3934EB6D-B313-48B3-B83D-DA2B8A979ADB}.Debug|Any CPU.ActiveCfg = Debug|Any CPU
		{3934EB6D-B313-48B3-B83D-DA2B8A979ADB}.Debug|Any CPU.Build.0 = Debug|Any CPU
		{3934EB6D-B313-48B3-B83D-DA2B8A979ADB}.Release|Any CPU.ActiveCfg = Release|Any CPU
		{3934EB6D-B313-48B3-B83D-DA2B8A979ADB}.Release|Any CPU.Build.0 = Release|Any CPU
	EndGlobalSection
	GlobalSection(SolutionProperties) = preSolution
		HideSolutionNode = FALSE
	EndGlobalSection
	GlobalSection(ExtensibilityGlobals) = postSolution
		SolutionGuid = {6B5D1202-651A-4BEE-A5FD-45FD91EFEACC}
	EndGlobalSection
EndGlobal
